// !$*UTF8*$!
{
	archiveVersion = 1;
	classes = {
	};
	objectVersion = 46;
	objects = {

/* Begin PBXBuildFile section */
		BD11B6DC1E77A30800E8CED3 /* ExplosionEmitter.sks in Resources */ = {isa = PBXBuildFile; fileRef = BD11B6DB1E77A30800E8CED3 /* ExplosionEmitter.sks */; };
		BD11B6DE1E77BBB900E8CED3 /* HUD2.swift in Sources */ = {isa = PBXBuildFile; fileRef = BD11B6DD1E77BBB900E8CED3 /* HUD2.swift */; };
		BD11B6E01E77C46400E8CED3 /* StarryNight.sks in Resources */ = {isa = PBXBuildFile; fileRef = BD11B6DF1E77C46400E8CED3 /* StarryNight.sks */; };
		BD11B6E21E77C50600E8CED3 /* FireFlies.sks in Resources */ = {isa = PBXBuildFile; fileRef = BD11B6E11E77C50600E8CED3 /* FireFlies.sks */; };
		BD11B6E41E77C51900E8CED3 /* Rain.sks in Resources */ = {isa = PBXBuildFile; fileRef = BD11B6E31E77C51900E8CED3 /* Rain.sks */; };
		BD2323111E705A2500E3A2FC /* QueenAlien.swift in Sources */ = {isa = PBXBuildFile; fileRef = BD2323101E705A2500E3A2FC /* QueenAlien.swift */; };
		BD2323141E705CB100E3A2FC /* GravityFields.sks in Resources */ = {isa = PBXBuildFile; fileRef = BD2323131E705CB100E3A2FC /* GravityFields.sks */; };
		BD2912631E6FE8C400ADE12E /* NTLScene1.swift in Sources */ = {isa = PBXBuildFile; fileRef = BD2912621E6FE8C400ADE12E /* NTLScene1.swift */; };
		BD2912651E6FE8FA00ADE12E /* NTLScene5.swift in Sources */ = {isa = PBXBuildFile; fileRef = BD2912641E6FE8FA00ADE12E /* NTLScene5.swift */; };
		BD2912671E6FE92300ADE12E /* TLScene1.swift in Sources */ = {isa = PBXBuildFile; fileRef = BD2912661E6FE92300ADE12E /* TLScene1.swift */; };
		BD2912691E6FE94D00ADE12E /* TLScene2.swift in Sources */ = {isa = PBXBuildFile; fileRef = BD2912681E6FE94D00ADE12E /* TLScene2.swift */; };
		BD29126B1E6FE96400ADE12E /* TLScene3.swift in Sources */ = {isa = PBXBuildFile; fileRef = BD29126A1E6FE96400ADE12E /* TLScene3.swift */; };
		BD29126D1E6FE98700ADE12E /* TLScene5.swift in Sources */ = {isa = PBXBuildFile; fileRef = BD29126C1E6FE98700ADE12E /* TLScene5.swift */; };
		BD2912721E6FF4E300ADE12E /* GameFonts.swift in Sources */ = {isa = PBXBuildFile; fileRef = BD2912711E6FF4E300ADE12E /* GameFonts.swift */; };
		BD2912761E70227600ADE12E /* Bat.swift in Sources */ = {isa = PBXBuildFile; fileRef = BD2912751E70227600ADE12E /* Bat.swift */; };
		BD2912781E704B9300ADE12E /* BatController.swift in Sources */ = {isa = PBXBuildFile; fileRef = BD2912771E704B9300ADE12E /* BatController.swift */; };
		BD2AB5471E76B11D0041B2AE /* BackgroundMusic.swift in Sources */ = {isa = PBXBuildFile; fileRef = BD2AB5461E76B11D0041B2AE /* BackgroundMusic.swift */; };
		BD2AB5491E76B16A0041B2AE /* SoundEffects.swift in Sources */ = {isa = PBXBuildFile; fileRef = BD2AB5481E76B16A0041B2AE /* SoundEffects.swift */; };
		BD2AB54D1E76B2640041B2AE /* ScreenSize.swift in Sources */ = {isa = PBXBuildFile; fileRef = BD2AB54C1E76B2640041B2AE /* ScreenSize.swift */; };
		BD2AB54F1E76B2A00041B2AE /* Typography.swift in Sources */ = {isa = PBXBuildFile; fileRef = BD2AB54E1E76B2A00041B2AE /* Typography.swift */; };
		BD2AB5521E76B2DE0041B2AE /* PhysicsCategories.swift in Sources */ = {isa = PBXBuildFile; fileRef = BD2AB5511E76B2DE0041B2AE /* PhysicsCategories.swift */; };
		BD2AB5541E76B3190041B2AE /* SoundLoader.swift in Sources */ = {isa = PBXBuildFile; fileRef = BD2AB5531E76B3190041B2AE /* SoundLoader.swift */; };
		BD2AB5561E76DB2F0041B2AE /* BackgroundObject.swift in Sources */ = {isa = PBXBuildFile; fileRef = BD2AB5551E76DB2F0041B2AE /* BackgroundObject.swift */; };
		BD2B80231E71A53500E509AF /* ButtonFactory.swift in Sources */ = {isa = PBXBuildFile; fileRef = BD2B80221E71A53500E509AF /* ButtonFactory.swift */; };
		BD2B98681E795C8F00E8E8D9 /* BatSceneLevelLoader.swift in Sources */ = {isa = PBXBuildFile; fileRef = BD2B98671E795C8F00E8E8D9 /* BatSceneLevelLoader.swift */; };
		BD2BF7251E74FF7B0022C378 /* TestScene2.swift in Sources */ = {isa = PBXBuildFile; fileRef = BD2BF7241E74FF7B0022C378 /* TestScene2.swift */; };
		BD2D363F1E7639AE00F0B3A0 /* RandomVectorUniform.swift in Sources */ = {isa = PBXBuildFile; fileRef = BD2D363E1E7639AE00F0B3A0 /* RandomVectorUniform.swift */; };
		BD2D36411E7639BA00F0B3A0 /* RandomVectorGaussian.swift in Sources */ = {isa = PBXBuildFile; fileRef = BD2D36401E7639BA00F0B3A0 /* RandomVectorGaussian.swift */; };
		BD2D36431E764F5200F0B3A0 /* TestScene7.swift in Sources */ = {isa = PBXBuildFile; fileRef = BD2D36421E764F5200F0B3A0 /* TestScene7.swift */; };
		BD2DC2081E75331E0067D1A2 /* TestScene3.swift in Sources */ = {isa = PBXBuildFile; fileRef = BD2DC2071E75331E0067D1A2 /* TestScene3.swift */; };
		BD2DC20B1E7536940067D1A2 /* SCNScene1.scn in Resources */ = {isa = PBXBuildFile; fileRef = BD2DC20A1E7536940067D1A2 /* SCNScene1.scn */; };
		BD2DC22D1E755D710067D1A2 /* TestScene4.swift in Sources */ = {isa = PBXBuildFile; fileRef = BD2DC22C1E755D710067D1A2 /* TestScene4.swift */; };
		BD2DEE331E6EE9100060750D /* AnimationsManager.swift in Sources */ = {isa = PBXBuildFile; fileRef = BD2DEE321E6EE9100060750D /* AnimationsManager.swift */; };
		BD2DEE351E6EF8160060750D /* NTLScene2.swift in Sources */ = {isa = PBXBuildFile; fileRef = BD2DEE341E6EF8160060750D /* NTLScene2.swift */; };
		BD2DEE371E6EF84E0060750D /* NTLScene3.swift in Sources */ = {isa = PBXBuildFile; fileRef = BD2DEE361E6EF84E0060750D /* NTLScene3.swift */; };
		BD2DEE391E6EFD680060750D /* FallingAliens.swift in Sources */ = {isa = PBXBuildFile; fileRef = BD2DEE381E6EFD680060750D /* FallingAliens.swift */; };
		BD2DEE3B1E6F05AA0060750D /* FallingAliensController.swift in Sources */ = {isa = PBXBuildFile; fileRef = BD2DEE3A1E6F05AA0060750D /* FallingAliensController.swift */; };
		BD2E4DCC1E72D38500D025C7 /* UserInterfaceManager.swift in Sources */ = {isa = PBXBuildFile; fileRef = BD2E4DCB1E72D38500D025C7 /* UserInterfaceManager.swift */; };
		BD2E96C31E77D7D200C16DA7 /* LevelLoader.swift in Sources */ = {isa = PBXBuildFile; fileRef = BD2E96C21E77D7D200C16DA7 /* LevelLoader.swift */; };
		BD2E96C61E77FBEB00C16DA7 /* DeprecatedCode.swift in Sources */ = {isa = PBXBuildFile; fileRef = BD2E96C51E77FBEB00C16DA7 /* DeprecatedCode.swift */; };
		BD2E96C81E78032700C16DA7 /* SpaceShipLevel.swift in Sources */ = {isa = PBXBuildFile; fileRef = BD2E96C71E78032700C16DA7 /* SpaceShipLevel.swift */; };
		BD2E96CA1E781E3100C16DA7 /* FlyingAlienScene.swift in Sources */ = {isa = PBXBuildFile; fileRef = BD2E96C91E781E3100C16DA7 /* FlyingAlienScene.swift */; };
		BD3049E51E6FACBA0083B0ED /* NTLScene4.swift in Sources */ = {isa = PBXBuildFile; fileRef = BD3049E41E6FACBA0083B0ED /* NTLScene4.swift */; };
		BD3049E91E6FB2D30083B0ED /* NoTimeLimitMode.swift in Sources */ = {isa = PBXBuildFile; fileRef = BD3049E81E6FB2D30083B0ED /* NoTimeLimitMode.swift */; };
		BD3049EC1E6FB5AD0083B0ED /* TimeLimitScene+GameStateExtension.swift in Sources */ = {isa = PBXBuildFile; fileRef = BD3049EB1E6FB5AD0083B0ED /* TimeLimitScene+GameStateExtension.swift */; };
		BD3049EF1E6FB5EE0083B0ED /* MenuScene.swift in Sources */ = {isa = PBXBuildFile; fileRef = BD3049EE1E6FB5EE0083B0ED /* MenuScene.swift */; };
		BD312B111E755EF900DCB39C /* SceneTransitionText.plist in Resources */ = {isa = PBXBuildFile; fileRef = BD312B101E755EF900DCB39C /* SceneTransitionText.plist */; };
		BD312B131E756A3B00DCB39C /* PlistUnarchiver.swift in Sources */ = {isa = PBXBuildFile; fileRef = BD312B121E756A3B00DCB39C /* PlistUnarchiver.swift */; };
		BD312B151E75733C00DCB39C /* ShapeShifter.swift in Sources */ = {isa = PBXBuildFile; fileRef = BD312B141E75733C00DCB39C /* ShapeShifter.swift */; };
		BD312B3A1E75906C00DCB39C /* TestScene5.swift in Sources */ = {isa = PBXBuildFile; fileRef = BD312B391E75906C00DCB39C /* TestScene5.swift */; };
		BD312B3C1E759C5800DCB39C /* TestScene6.swift in Sources */ = {isa = PBXBuildFile; fileRef = BD312B3B1E759C5800DCB39C /* TestScene6.swift */; };
		BD37C2861E79022500ACCF38 /* Fire.sks in Resources */ = {isa = PBXBuildFile; fileRef = BD37C2851E79022500ACCF38 /* Fire.sks */; };
		BD37C2881E79290900ACCF38 /* SpaceShipLevelLoader.swift in Sources */ = {isa = PBXBuildFile; fileRef = BD37C2871E79290900ACCF38 /* SpaceShipLevelLoader.swift */; };
		BD37C28A1E792ED200ACCF38 /* BatScene.swift in Sources */ = {isa = PBXBuildFile; fileRef = BD37C2891E792ED200ACCF38 /* BatScene.swift */; };
		BD73EE481E73A60400CD7AD1 /* RandomVector.swift in Sources */ = {isa = PBXBuildFile; fileRef = BD73EE471E73A60400CD7AD1 /* RandomVector.swift */; };
		BD73EE4A1E73A66E00CD7AD1 /* RandomPoint.swift in Sources */ = {isa = PBXBuildFile; fileRef = BD73EE491E73A66E00CD7AD1 /* RandomPoint.swift */; };
		BD7689DC1E7259510066D59E /* TLScene4.swift in Sources */ = {isa = PBXBuildFile; fileRef = BD7689DB1E7259510066D59E /* TLScene4.swift */; };
		BD9BB5451E75007800726476 /* TimeLimitScene.swift in Sources */ = {isa = PBXBuildFile; fileRef = BD9BB5441E75007800726476 /* TimeLimitScene.swift */; };
		BDAD68781E768E3B00771E25 /* WingmanScene1.swift in Sources */ = {isa = PBXBuildFile; fileRef = BDAD68771E768E3B00771E25 /* WingmanScene1.swift */; };
		BDAD687A1E768F3000771E25 /* Wingman.swift in Sources */ = {isa = PBXBuildFile; fileRef = BDAD68791E768F3000771E25 /* Wingman.swift */; };
		BDAD687D1E768FA900771E25 /* Spikeman.swift in Sources */ = {isa = PBXBuildFile; fileRef = BDAD687C1E768FA900771E25 /* Spikeman.swift */; };
		BDAD68801E768FF600771E25 /* SpikemanScene1.swift in Sources */ = {isa = PBXBuildFile; fileRef = BDAD687F1E768FF600771E25 /* SpikemanScene1.swift */; };
		BDAD68821E769BBE00771E25 /* Spikeman.sks in Resources */ = {isa = PBXBuildFile; fileRef = BDAD68811E769BBE00771E25 /* Spikeman.sks */; };
		BDAD68841E769F2900771E25 /* Animal.swift in Sources */ = {isa = PBXBuildFile; fileRef = BDAD68831E769F2900771E25 /* Animal.swift */; };
		BDB542681E78438000C63C8D /* OuterBarriers.sks in Resources */ = {isa = PBXBuildFile; fileRef = BDB542671E78438000C63C8D /* OuterBarriers.sks */; };
		BDCFE24D1E73DD06005DB85B /* TLScene3Delegate.swift in Sources */ = {isa = PBXBuildFile; fileRef = BDCFE24C1E73DD06005DB85B /* TLScene3Delegate.swift */; };
		BDCFE2551E741012005DB85B /* RunningState.swift in Sources */ = {isa = PBXBuildFile; fileRef = BDCFE2541E741012005DB85B /* RunningState.swift */; };
		BDD8AA361E7127C70054AB61 /* SceneInterfaceManager.swift in Sources */ = {isa = PBXBuildFile; fileRef = BDD8AA351E7127C70054AB61 /* SceneInterfaceManager.swift */; };
		BDD8AA381E7129CA0054AB61 /* SceneInterfaceManagerDelegate.swift in Sources */ = {isa = PBXBuildFile; fileRef = BDD8AA371E7129CA0054AB61 /* SceneInterfaceManagerDelegate.swift */; };
		BDD8AA3B1E715AA40054AB61 /* SKSceneExtension.swift in Sources */ = {isa = PBXBuildFile; fileRef = BDD8AA3A1E715AA40054AB61 /* SKSceneExtension.swift */; };
		BDD8AA3D1E7162190054AB61 /* ButtonManager.swift in Sources */ = {isa = PBXBuildFile; fileRef = BDD8AA3C1E7162190054AB61 /* ButtonManager.swift */; };
		BDDB9E841E6FCAFF004D1D2B /* SpaceShip.swift in Sources */ = {isa = PBXBuildFile; fileRef = BDDB9E831E6FCAFF004D1D2B /* SpaceShip.swift */; };
		BDDB9E861E6FD7C3004D1D2B /* SmokeEmitterManager.swift in Sources */ = {isa = PBXBuildFile; fileRef = BDDB9E851E6FD7C3004D1D2B /* SmokeEmitterManager.swift */; };
		BDDC24301E6E5966005E103C /* AppDelegate.swift in Sources */ = {isa = PBXBuildFile; fileRef = BDDC242F1E6E5966005E103C /* AppDelegate.swift */; };
		BDDC24361E6E5966005E103C /* TestScene.swift in Sources */ = {isa = PBXBuildFile; fileRef = BDDC24351E6E5966005E103C /* TestScene.swift */; };
		BDDC24381E6E5966005E103C /* GameViewController.swift in Sources */ = {isa = PBXBuildFile; fileRef = BDDC24371E6E5966005E103C /* GameViewController.swift */; };
		BDDC243B1E6E5966005E103C /* Main.storyboard in Resources */ = {isa = PBXBuildFile; fileRef = BDDC24391E6E5966005E103C /* Main.storyboard */; };
		BDDC243D1E6E5966005E103C /* Assets.xcassets in Resources */ = {isa = PBXBuildFile; fileRef = BDDC243C1E6E5966005E103C /* Assets.xcassets */; };
		BDDC24401E6E5966005E103C /* LaunchScreen.storyboard in Resources */ = {isa = PBXBuildFile; fileRef = BDDC243E1E6E5966005E103C /* LaunchScreen.storyboard */; };
		BDDC24491E6E5C0B005E103C /* TextureAtlasManager.swift in Sources */ = {isa = PBXBuildFile; fileRef = BDDC24481E6E5C0B005E103C /* TextureAtlasManager.swift */; };
		BDDC244B1E6E615D005E103C /* WingmanLevel.swift in Sources */ = {isa = PBXBuildFile; fileRef = BDDC244A1E6E615D005E103C /* WingmanLevel.swift */; };
		BDDC24521E6E69A1005E103C /* Constants.swift in Sources */ = {isa = PBXBuildFile; fileRef = BDDC24511E6E69A1005E103C /* Constants.swift */; };
		BDDC24541E6E69C4005E103C /* Math.swift in Sources */ = {isa = PBXBuildFile; fileRef = BDDC24531E6E69C4005E103C /* Math.swift */; };
		BDDC24561E6E69F5005E103C /* UserOptionsManager.swift in Sources */ = {isa = PBXBuildFile; fileRef = BDDC24551E6E69F5005E103C /* UserOptionsManager.swift */; };
		BDDC246A1E6E6E48005E103C /* Alpha Dance.mp3 in Resources */ = {isa = PBXBuildFile; fileRef = BDDC24571E6E6E48005E103C /* Alpha Dance.mp3 */; };
		BDDC246B1E6E6E48005E103C /* Cheerful Annoyance.mp3 in Resources */ = {isa = PBXBuildFile; fileRef = BDDC24581E6E6E48005E103C /* Cheerful Annoyance.mp3 */; };
		BDDC246C1E6E6E48005E103C /* Drumming Sticks.mp3 in Resources */ = {isa = PBXBuildFile; fileRef = BDDC24591E6E6E48005E103C /* Drumming Sticks.mp3 */; };
		BDDC246D1E6E6E48005E103C /* Farm Frolics.mp3 in Resources */ = {isa = PBXBuildFile; fileRef = BDDC245A1E6E6E48005E103C /* Farm Frolics.mp3 */; };
		BDDC246E1E6E6E48005E103C /* Flowing Rocks.mp3 in Resources */ = {isa = PBXBuildFile; fileRef = BDDC245B1E6E6E48005E103C /* Flowing Rocks.mp3 */; };
		BDDC246F1E6E6E48005E103C /* Game Over.mp3 in Resources */ = {isa = PBXBuildFile; fileRef = BDDC245C1E6E6E48005E103C /* Game Over.mp3 */; };
		BDDC24701E6E6E48005E103C /* German Virtue.mp3 in Resources */ = {isa = PBXBuildFile; fileRef = BDDC245D1E6E6E48005E103C /* German Virtue.mp3 */; };
		BDDC24711E6E6E48005E103C /* Infinite Descent.mp3 in Resources */ = {isa = PBXBuildFile; fileRef = BDDC245E1E6E6E48005E103C /* Infinite Descent.mp3 */; };
		BDDC24721E6E6E48005E103C /* Italian Mom.mp3 in Resources */ = {isa = PBXBuildFile; fileRef = BDDC245F1E6E6E48005E103C /* Italian Mom.mp3 */; };
		BDDC24731E6E6E48005E103C /* Mishief Stroll.mp3 in Resources */ = {isa = PBXBuildFile; fileRef = BDDC24601E6E6E48005E103C /* Mishief Stroll.mp3 */; };
		BDDC24741E6E6E48005E103C /* Mission Plausible.mp3 in Resources */ = {isa = PBXBuildFile; fileRef = BDDC24611E6E6E48005E103C /* Mission Plausible.mp3 */; };
		BDDC24751E6E6E48005E103C /* Night at the Beach.mp3 in Resources */ = {isa = PBXBuildFile; fileRef = BDDC24621E6E6E48005E103C /* Night at the Beach.mp3 */; };
		BDDC24761E6E6E48005E103C /* Polka Train.mp3 in Resources */ = {isa = PBXBuildFile; fileRef = BDDC24631E6E6E48005E103C /* Polka Train.mp3 */; };
		BDDC24771E6E6E48005E103C /* Sad Descent.mp3 in Resources */ = {isa = PBXBuildFile; fileRef = BDDC24641E6E6E48005E103C /* Sad Descent.mp3 */; };
		BDDC24781E6E6E48005E103C /* Sad Town.mp3 in Resources */ = {isa = PBXBuildFile; fileRef = BDDC24651E6E6E48005E103C /* Sad Town.mp3 */; };
		BDDC24791E6E6E48005E103C /* Space Cadet.mp3 in Resources */ = {isa = PBXBuildFile; fileRef = BDDC24661E6E6E48005E103C /* Space Cadet.mp3 */; };
		BDDC247A1E6E6E48005E103C /* Swinging Pants.mp3 in Resources */ = {isa = PBXBuildFile; fileRef = BDDC24671E6E6E48005E103C /* Swinging Pants.mp3 */; };
		BDDC247B1E6E6E48005E103C /* Time Driving.mp3 in Resources */ = {isa = PBXBuildFile; fileRef = BDDC24681E6E6E48005E103C /* Time Driving.mp3 */; };
		BDDC247C1E6E6E48005E103C /* Wacky Waiting.mp3 in Resources */ = {isa = PBXBuildFile; fileRef = BDDC24691E6E6E48005E103C /* Wacky Waiting.mp3 */; };
		BDDC247F1E6E7654005E103C /* CrossHair.swift in Sources */ = {isa = PBXBuildFile; fileRef = BDDC247E1E6E7654005E103C /* CrossHair.swift */; };
		BDDC24811E6E7C30005E103C /* GameOverScene.swift in Sources */ = {isa = PBXBuildFile; fileRef = BDDC24801E6E7C30005E103C /* GameOverScene.swift */; };
		BDDC24831E6E9119005E103C /* Background.swift in Sources */ = {isa = PBXBuildFile; fileRef = BDDC24821E6E9119005E103C /* Background.swift */; };
		BDDC248D1E6E95A1005E103C /* laser2.wav in Resources */ = {isa = PBXBuildFile; fileRef = BDDC24851E6E95A1005E103C /* laser2.wav */; };
		BDDC248E1E6E95A1005E103C /* laser3.wav in Resources */ = {isa = PBXBuildFile; fileRef = BDDC24861E6E95A1005E103C /* laser3.wav */; };
		BDDC248F1E6E95A1005E103C /* laser4.wav in Resources */ = {isa = PBXBuildFile; fileRef = BDDC24871E6E95A1005E103C /* laser4.wav */; };
		BDDC24901E6E95A1005E103C /* laser5.wav in Resources */ = {isa = PBXBuildFile; fileRef = BDDC24881E6E95A1005E103C /* laser5.wav */; };
		BDDC24911E6E95A1005E103C /* laser6.wav in Resources */ = {isa = PBXBuildFile; fileRef = BDDC24891E6E95A1005E103C /* laser6.wav */; };
		BDDC24921E6E95A1005E103C /* laser7.wav in Resources */ = {isa = PBXBuildFile; fileRef = BDDC248A1E6E95A1005E103C /* laser7.wav */; };
		BDDC24931E6E95A1005E103C /* laser8.wav in Resources */ = {isa = PBXBuildFile; fileRef = BDDC248B1E6E95A1005E103C /* laser8.wav */; };
		BDDC24941E6E95A1005E103C /* laser9.wav in Resources */ = {isa = PBXBuildFile; fileRef = BDDC248C1E6E95A1005E103C /* laser9.wav */; };
		BDDC24971E6E9C55005E103C /* rumble2.wav in Resources */ = {isa = PBXBuildFile; fileRef = BDDC24951E6E9C55005E103C /* rumble2.wav */; };
		BDDC24981E6E9C55005E103C /* rumble3.wav in Resources */ = {isa = PBXBuildFile; fileRef = BDDC24961E6E9C55005E103C /* rumble3.wav */; };
		BDDC249A1E6E9D0D005E103C /* HelperFunctions.swift in Sources */ = {isa = PBXBuildFile; fileRef = BDDC24991E6E9D0D005E103C /* HelperFunctions.swift */; };
		BDDC249C1E6E9E71005E103C /* FlyingAlien.swift in Sources */ = {isa = PBXBuildFile; fileRef = BDDC249B1E6E9E71005E103C /* FlyingAlien.swift */; };
		BDDC249E1E6EA082005E103C /* HUD.swift in Sources */ = {isa = PBXBuildFile; fileRef = BDDC249D1E6EA082005E103C /* HUD.swift */; };
		BDDC24A01E6EB9D5005E103C /* Enemy.swift in Sources */ = {isa = PBXBuildFile; fileRef = BDDC249F1E6EB9D5005E103C /* Enemy.swift */; };
/* End PBXBuildFile section */

/* Begin PBXFileReference section */
		BD11B6DB1E77A30800E8CED3 /* ExplosionEmitter.sks */ = {isa = PBXFileReference; lastKnownFileType = file.sks; path = ExplosionEmitter.sks; sourceTree = "<group>"; };
		BD11B6DD1E77BBB900E8CED3 /* HUD2.swift */ = {isa = PBXFileReference; fileEncoding = 4; lastKnownFileType = sourcecode.swift; path = HUD2.swift; sourceTree = "<group>"; };
		BD11B6DF1E77C46400E8CED3 /* StarryNight.sks */ = {isa = PBXFileReference; lastKnownFileType = file.sks; path = StarryNight.sks; sourceTree = "<group>"; };
		BD11B6E11E77C50600E8CED3 /* FireFlies.sks */ = {isa = PBXFileReference; lastKnownFileType = file.sks; path = FireFlies.sks; sourceTree = "<group>"; };
		BD11B6E31E77C51900E8CED3 /* Rain.sks */ = {isa = PBXFileReference; lastKnownFileType = file.sks; path = Rain.sks; sourceTree = "<group>"; };
		BD2323101E705A2500E3A2FC /* QueenAlien.swift */ = {isa = PBXFileReference; fileEncoding = 4; lastKnownFileType = sourcecode.swift; path = QueenAlien.swift; sourceTree = "<group>"; };
		BD2323131E705CB100E3A2FC /* GravityFields.sks */ = {isa = PBXFileReference; lastKnownFileType = file.sks; path = GravityFields.sks; sourceTree = "<group>"; };
		BD2912621E6FE8C400ADE12E /* NTLScene1.swift */ = {isa = PBXFileReference; fileEncoding = 4; lastKnownFileType = sourcecode.swift; path = NTLScene1.swift; sourceTree = "<group>"; };
		BD2912641E6FE8FA00ADE12E /* NTLScene5.swift */ = {isa = PBXFileReference; fileEncoding = 4; lastKnownFileType = sourcecode.swift; path = NTLScene5.swift; sourceTree = "<group>"; };
		BD2912661E6FE92300ADE12E /* TLScene1.swift */ = {isa = PBXFileReference; fileEncoding = 4; lastKnownFileType = sourcecode.swift; path = TLScene1.swift; sourceTree = "<group>"; };
		BD2912681E6FE94D00ADE12E /* TLScene2.swift */ = {isa = PBXFileReference; fileEncoding = 4; lastKnownFileType = sourcecode.swift; path = TLScene2.swift; sourceTree = "<group>"; };
		BD29126A1E6FE96400ADE12E /* TLScene3.swift */ = {isa = PBXFileReference; fileEncoding = 4; lastKnownFileType = sourcecode.swift; path = TLScene3.swift; sourceTree = "<group>"; };
		BD29126C1E6FE98700ADE12E /* TLScene5.swift */ = {isa = PBXFileReference; fileEncoding = 4; lastKnownFileType = sourcecode.swift; path = TLScene5.swift; sourceTree = "<group>"; };
		BD2912711E6FF4E300ADE12E /* GameFonts.swift */ = {isa = PBXFileReference; fileEncoding = 4; lastKnownFileType = sourcecode.swift; path = GameFonts.swift; sourceTree = "<group>"; };
		BD2912751E70227600ADE12E /* Bat.swift */ = {isa = PBXFileReference; fileEncoding = 4; lastKnownFileType = sourcecode.swift; path = Bat.swift; sourceTree = "<group>"; };
		BD2912771E704B9300ADE12E /* BatController.swift */ = {isa = PBXFileReference; fileEncoding = 4; lastKnownFileType = sourcecode.swift; path = BatController.swift; sourceTree = "<group>"; };
		BD2AB5461E76B11D0041B2AE /* BackgroundMusic.swift */ = {isa = PBXFileReference; fileEncoding = 4; lastKnownFileType = sourcecode.swift; path = BackgroundMusic.swift; sourceTree = "<group>"; };
		BD2AB5481E76B16A0041B2AE /* SoundEffects.swift */ = {isa = PBXFileReference; fileEncoding = 4; lastKnownFileType = sourcecode.swift; path = SoundEffects.swift; sourceTree = "<group>"; };
		BD2AB54C1E76B2640041B2AE /* ScreenSize.swift */ = {isa = PBXFileReference; fileEncoding = 4; lastKnownFileType = sourcecode.swift; path = ScreenSize.swift; sourceTree = "<group>"; };
		BD2AB54E1E76B2A00041B2AE /* Typography.swift */ = {isa = PBXFileReference; fileEncoding = 4; lastKnownFileType = sourcecode.swift; path = Typography.swift; sourceTree = "<group>"; };
		BD2AB5511E76B2DE0041B2AE /* PhysicsCategories.swift */ = {isa = PBXFileReference; fileEncoding = 4; lastKnownFileType = sourcecode.swift; path = PhysicsCategories.swift; sourceTree = "<group>"; };
		BD2AB5531E76B3190041B2AE /* SoundLoader.swift */ = {isa = PBXFileReference; fileEncoding = 4; lastKnownFileType = sourcecode.swift; path = SoundLoader.swift; sourceTree = "<group>"; };
		BD2AB5551E76DB2F0041B2AE /* BackgroundObject.swift */ = {isa = PBXFileReference; fileEncoding = 4; lastKnownFileType = sourcecode.swift; path = BackgroundObject.swift; sourceTree = "<group>"; };
		BD2B80221E71A53500E509AF /* ButtonFactory.swift */ = {isa = PBXFileReference; fileEncoding = 4; lastKnownFileType = sourcecode.swift; path = ButtonFactory.swift; sourceTree = "<group>"; };
		BD2B98671E795C8F00E8E8D9 /* BatSceneLevelLoader.swift */ = {isa = PBXFileReference; fileEncoding = 4; lastKnownFileType = sourcecode.swift; path = BatSceneLevelLoader.swift; sourceTree = "<group>"; };
		BD2BF7241E74FF7B0022C378 /* TestScene2.swift */ = {isa = PBXFileReference; fileEncoding = 4; lastKnownFileType = sourcecode.swift; path = TestScene2.swift; sourceTree = "<group>"; };
		BD2D363E1E7639AE00F0B3A0 /* RandomVectorUniform.swift */ = {isa = PBXFileReference; fileEncoding = 4; lastKnownFileType = sourcecode.swift; path = RandomVectorUniform.swift; sourceTree = "<group>"; };
		BD2D36401E7639BA00F0B3A0 /* RandomVectorGaussian.swift */ = {isa = PBXFileReference; fileEncoding = 4; lastKnownFileType = sourcecode.swift; path = RandomVectorGaussian.swift; sourceTree = "<group>"; };
		BD2D36421E764F5200F0B3A0 /* TestScene7.swift */ = {isa = PBXFileReference; fileEncoding = 4; lastKnownFileType = sourcecode.swift; path = TestScene7.swift; sourceTree = "<group>"; };
		BD2DC2071E75331E0067D1A2 /* TestScene3.swift */ = {isa = PBXFileReference; fileEncoding = 4; lastKnownFileType = sourcecode.swift; path = TestScene3.swift; sourceTree = "<group>"; };
		BD2DC20A1E7536940067D1A2 /* SCNScene1.scn */ = {isa = PBXFileReference; lastKnownFileType = file.bplist; path = SCNScene1.scn; sourceTree = "<group>"; };
		BD2DC22C1E755D710067D1A2 /* TestScene4.swift */ = {isa = PBXFileReference; fileEncoding = 4; lastKnownFileType = sourcecode.swift; path = TestScene4.swift; sourceTree = "<group>"; };
		BD2DEE321E6EE9100060750D /* AnimationsManager.swift */ = {isa = PBXFileReference; fileEncoding = 4; lastKnownFileType = sourcecode.swift; path = AnimationsManager.swift; sourceTree = "<group>"; };
		BD2DEE341E6EF8160060750D /* NTLScene2.swift */ = {isa = PBXFileReference; fileEncoding = 4; lastKnownFileType = sourcecode.swift; path = NTLScene2.swift; sourceTree = "<group>"; };
		BD2DEE361E6EF84E0060750D /* NTLScene3.swift */ = {isa = PBXFileReference; fileEncoding = 4; lastKnownFileType = sourcecode.swift; path = NTLScene3.swift; sourceTree = "<group>"; };
		BD2DEE381E6EFD680060750D /* FallingAliens.swift */ = {isa = PBXFileReference; fileEncoding = 4; lastKnownFileType = sourcecode.swift; path = FallingAliens.swift; sourceTree = "<group>"; };
		BD2DEE3A1E6F05AA0060750D /* FallingAliensController.swift */ = {isa = PBXFileReference; fileEncoding = 4; lastKnownFileType = sourcecode.swift; path = FallingAliensController.swift; sourceTree = "<group>"; };
		BD2E4DCB1E72D38500D025C7 /* UserInterfaceManager.swift */ = {isa = PBXFileReference; fileEncoding = 4; lastKnownFileType = sourcecode.swift; path = UserInterfaceManager.swift; sourceTree = "<group>"; };
		BD2E96C21E77D7D200C16DA7 /* LevelLoader.swift */ = {isa = PBXFileReference; fileEncoding = 4; lastKnownFileType = sourcecode.swift; path = LevelLoader.swift; sourceTree = "<group>"; };
		BD2E96C51E77FBEB00C16DA7 /* DeprecatedCode.swift */ = {isa = PBXFileReference; fileEncoding = 4; lastKnownFileType = sourcecode.swift; path = DeprecatedCode.swift; sourceTree = "<group>"; };
		BD2E96C71E78032700C16DA7 /* SpaceShipLevel.swift */ = {isa = PBXFileReference; fileEncoding = 4; lastKnownFileType = sourcecode.swift; path = SpaceShipLevel.swift; sourceTree = "<group>"; };
		BD2E96C91E781E3100C16DA7 /* FlyingAlienScene.swift */ = {isa = PBXFileReference; fileEncoding = 4; lastKnownFileType = sourcecode.swift; path = FlyingAlienScene.swift; sourceTree = "<group>"; };
		BD3049E41E6FACBA0083B0ED /* NTLScene4.swift */ = {isa = PBXFileReference; fileEncoding = 4; lastKnownFileType = sourcecode.swift; path = NTLScene4.swift; sourceTree = "<group>"; };
		BD3049E81E6FB2D30083B0ED /* NoTimeLimitMode.swift */ = {isa = PBXFileReference; fileEncoding = 4; lastKnownFileType = sourcecode.swift; path = NoTimeLimitMode.swift; sourceTree = "<group>"; };
		BD3049EB1E6FB5AD0083B0ED /* TimeLimitScene+GameStateExtension.swift */ = {isa = PBXFileReference; fileEncoding = 4; lastKnownFileType = sourcecode.swift; path = "TimeLimitScene+GameStateExtension.swift"; sourceTree = "<group>"; };
		BD3049EE1E6FB5EE0083B0ED /* MenuScene.swift */ = {isa = PBXFileReference; fileEncoding = 4; lastKnownFileType = sourcecode.swift; path = MenuScene.swift; sourceTree = "<group>"; };
		BD312B101E755EF900DCB39C /* SceneTransitionText.plist */ = {isa = PBXFileReference; fileEncoding = 4; lastKnownFileType = text.plist.xml; path = SceneTransitionText.plist; sourceTree = "<group>"; };
		BD312B121E756A3B00DCB39C /* PlistUnarchiver.swift */ = {isa = PBXFileReference; fileEncoding = 4; lastKnownFileType = sourcecode.swift; path = PlistUnarchiver.swift; sourceTree = "<group>"; };
		BD312B141E75733C00DCB39C /* ShapeShifter.swift */ = {isa = PBXFileReference; fileEncoding = 4; lastKnownFileType = sourcecode.swift; path = ShapeShifter.swift; sourceTree = "<group>"; };
		BD312B391E75906C00DCB39C /* TestScene5.swift */ = {isa = PBXFileReference; fileEncoding = 4; lastKnownFileType = sourcecode.swift; path = TestScene5.swift; sourceTree = "<group>"; };
		BD312B3B1E759C5800DCB39C /* TestScene6.swift */ = {isa = PBXFileReference; fileEncoding = 4; lastKnownFileType = sourcecode.swift; path = TestScene6.swift; sourceTree = "<group>"; };
		BD37C2851E79022500ACCF38 /* Fire.sks */ = {isa = PBXFileReference; lastKnownFileType = file.sks; path = Fire.sks; sourceTree = "<group>"; };
		BD37C2871E79290900ACCF38 /* SpaceShipLevelLoader.swift */ = {isa = PBXFileReference; fileEncoding = 4; lastKnownFileType = sourcecode.swift; path = SpaceShipLevelLoader.swift; sourceTree = "<group>"; };
		BD37C2891E792ED200ACCF38 /* BatScene.swift */ = {isa = PBXFileReference; fileEncoding = 4; lastKnownFileType = sourcecode.swift; path = BatScene.swift; sourceTree = "<group>"; };
		BD73EE471E73A60400CD7AD1 /* RandomVector.swift */ = {isa = PBXFileReference; fileEncoding = 4; lastKnownFileType = sourcecode.swift; path = RandomVector.swift; sourceTree = "<group>"; };
		BD73EE491E73A66E00CD7AD1 /* RandomPoint.swift */ = {isa = PBXFileReference; fileEncoding = 4; lastKnownFileType = sourcecode.swift; path = RandomPoint.swift; sourceTree = "<group>"; };
		BD7689DB1E7259510066D59E /* TLScene4.swift */ = {isa = PBXFileReference; fileEncoding = 4; lastKnownFileType = sourcecode.swift; path = TLScene4.swift; sourceTree = "<group>"; };
		BD9BB5441E75007800726476 /* TimeLimitScene.swift */ = {isa = PBXFileReference; fileEncoding = 4; lastKnownFileType = sourcecode.swift; path = TimeLimitScene.swift; sourceTree = "<group>"; };
		BDAD68771E768E3B00771E25 /* WingmanScene1.swift */ = {isa = PBXFileReference; fileEncoding = 4; lastKnownFileType = sourcecode.swift; path = WingmanScene1.swift; sourceTree = "<group>"; };
		BDAD68791E768F3000771E25 /* Wingman.swift */ = {isa = PBXFileReference; fileEncoding = 4; lastKnownFileType = sourcecode.swift; path = Wingman.swift; sourceTree = "<group>"; };
		BDAD687C1E768FA900771E25 /* Spikeman.swift */ = {isa = PBXFileReference; fileEncoding = 4; lastKnownFileType = sourcecode.swift; path = Spikeman.swift; sourceTree = "<group>"; };
		BDAD687F1E768FF600771E25 /* SpikemanScene1.swift */ = {isa = PBXFileReference; fileEncoding = 4; lastKnownFileType = sourcecode.swift; path = SpikemanScene1.swift; sourceTree = "<group>"; };
		BDAD68811E769BBE00771E25 /* Spikeman.sks */ = {isa = PBXFileReference; lastKnownFileType = file.sks; path = Spikeman.sks; sourceTree = "<group>"; };
		BDAD68831E769F2900771E25 /* Animal.swift */ = {isa = PBXFileReference; fileEncoding = 4; lastKnownFileType = sourcecode.swift; path = Animal.swift; sourceTree = "<group>"; };
		BDB542671E78438000C63C8D /* OuterBarriers.sks */ = {isa = PBXFileReference; lastKnownFileType = file.sks; path = OuterBarriers.sks; sourceTree = "<group>"; };
		BDCFE24C1E73DD06005DB85B /* TLScene3Delegate.swift */ = {isa = PBXFileReference; fileEncoding = 4; lastKnownFileType = sourcecode.swift; path = TLScene3Delegate.swift; sourceTree = "<group>"; };
		BDCFE2541E741012005DB85B /* RunningState.swift */ = {isa = PBXFileReference; fileEncoding = 4; lastKnownFileType = sourcecode.swift; path = RunningState.swift; sourceTree = "<group>"; };
		BDD8AA351E7127C70054AB61 /* SceneInterfaceManager.swift */ = {isa = PBXFileReference; fileEncoding = 4; lastKnownFileType = sourcecode.swift; path = SceneInterfaceManager.swift; sourceTree = "<group>"; };
		BDD8AA371E7129CA0054AB61 /* SceneInterfaceManagerDelegate.swift */ = {isa = PBXFileReference; fileEncoding = 4; lastKnownFileType = sourcecode.swift; path = SceneInterfaceManagerDelegate.swift; sourceTree = "<group>"; };
		BDD8AA3A1E715AA40054AB61 /* SKSceneExtension.swift */ = {isa = PBXFileReference; fileEncoding = 4; lastKnownFileType = sourcecode.swift; path = SKSceneExtension.swift; sourceTree = "<group>"; };
		BDD8AA3C1E7162190054AB61 /* ButtonManager.swift */ = {isa = PBXFileReference; fileEncoding = 4; lastKnownFileType = sourcecode.swift; path = ButtonManager.swift; sourceTree = "<group>"; };
		BDDB9E831E6FCAFF004D1D2B /* SpaceShip.swift */ = {isa = PBXFileReference; fileEncoding = 4; lastKnownFileType = sourcecode.swift; path = SpaceShip.swift; sourceTree = "<group>"; };
		BDDB9E851E6FD7C3004D1D2B /* SmokeEmitterManager.swift */ = {isa = PBXFileReference; fileEncoding = 4; lastKnownFileType = sourcecode.swift; path = SmokeEmitterManager.swift; sourceTree = "<group>"; };
		BDDC242C1E6E5966005E103C /* AlienBusters.app */ = {isa = PBXFileReference; explicitFileType = wrapper.application; includeInIndex = 0; path = AlienBusters.app; sourceTree = BUILT_PRODUCTS_DIR; };
		BDDC242F1E6E5966005E103C /* AppDelegate.swift */ = {isa = PBXFileReference; lastKnownFileType = sourcecode.swift; path = AppDelegate.swift; sourceTree = "<group>"; };
		BDDC24351E6E5966005E103C /* TestScene.swift */ = {isa = PBXFileReference; lastKnownFileType = sourcecode.swift; path = TestScene.swift; sourceTree = "<group>"; };
		BDDC24371E6E5966005E103C /* GameViewController.swift */ = {isa = PBXFileReference; lastKnownFileType = sourcecode.swift; path = GameViewController.swift; sourceTree = "<group>"; };
		BDDC243A1E6E5966005E103C /* Base */ = {isa = PBXFileReference; lastKnownFileType = file.storyboard; name = Base; path = Base.lproj/Main.storyboard; sourceTree = "<group>"; };
		BDDC243C1E6E5966005E103C /* Assets.xcassets */ = {isa = PBXFileReference; lastKnownFileType = folder.assetcatalog; path = Assets.xcassets; sourceTree = "<group>"; };
		BDDC243F1E6E5966005E103C /* Base */ = {isa = PBXFileReference; lastKnownFileType = file.storyboard; name = Base; path = Base.lproj/LaunchScreen.storyboard; sourceTree = "<group>"; };
		BDDC24411E6E5966005E103C /* Info.plist */ = {isa = PBXFileReference; lastKnownFileType = text.plist.xml; path = Info.plist; sourceTree = "<group>"; };
		BDDC24481E6E5C0B005E103C /* TextureAtlasManager.swift */ = {isa = PBXFileReference; fileEncoding = 4; lastKnownFileType = sourcecode.swift; path = TextureAtlasManager.swift; sourceTree = "<group>"; };
		BDDC244A1E6E615D005E103C /* WingmanLevel.swift */ = {isa = PBXFileReference; fileEncoding = 4; lastKnownFileType = sourcecode.swift; path = WingmanLevel.swift; sourceTree = "<group>"; };
		BDDC24511E6E69A1005E103C /* Constants.swift */ = {isa = PBXFileReference; fileEncoding = 4; lastKnownFileType = sourcecode.swift; path = Constants.swift; sourceTree = "<group>"; };
		BDDC24531E6E69C4005E103C /* Math.swift */ = {isa = PBXFileReference; fileEncoding = 4; lastKnownFileType = sourcecode.swift; path = Math.swift; sourceTree = "<group>"; };
		BDDC24551E6E69F5005E103C /* UserOptionsManager.swift */ = {isa = PBXFileReference; fileEncoding = 4; lastKnownFileType = sourcecode.swift; path = UserOptionsManager.swift; sourceTree = "<group>"; };
		BDDC24571E6E6E48005E103C /* Alpha Dance.mp3 */ = {isa = PBXFileReference; lastKnownFileType = audio.mp3; path = "Alpha Dance.mp3"; sourceTree = "<group>"; };
		BDDC24581E6E6E48005E103C /* Cheerful Annoyance.mp3 */ = {isa = PBXFileReference; lastKnownFileType = audio.mp3; path = "Cheerful Annoyance.mp3"; sourceTree = "<group>"; };
		BDDC24591E6E6E48005E103C /* Drumming Sticks.mp3 */ = {isa = PBXFileReference; lastKnownFileType = audio.mp3; path = "Drumming Sticks.mp3"; sourceTree = "<group>"; };
		BDDC245A1E6E6E48005E103C /* Farm Frolics.mp3 */ = {isa = PBXFileReference; lastKnownFileType = audio.mp3; path = "Farm Frolics.mp3"; sourceTree = "<group>"; };
		BDDC245B1E6E6E48005E103C /* Flowing Rocks.mp3 */ = {isa = PBXFileReference; lastKnownFileType = audio.mp3; path = "Flowing Rocks.mp3"; sourceTree = "<group>"; };
		BDDC245C1E6E6E48005E103C /* Game Over.mp3 */ = {isa = PBXFileReference; lastKnownFileType = audio.mp3; path = "Game Over.mp3"; sourceTree = "<group>"; };
		BDDC245D1E6E6E48005E103C /* German Virtue.mp3 */ = {isa = PBXFileReference; lastKnownFileType = audio.mp3; path = "German Virtue.mp3"; sourceTree = "<group>"; };
		BDDC245E1E6E6E48005E103C /* Infinite Descent.mp3 */ = {isa = PBXFileReference; lastKnownFileType = audio.mp3; path = "Infinite Descent.mp3"; sourceTree = "<group>"; };
		BDDC245F1E6E6E48005E103C /* Italian Mom.mp3 */ = {isa = PBXFileReference; lastKnownFileType = audio.mp3; path = "Italian Mom.mp3"; sourceTree = "<group>"; };
		BDDC24601E6E6E48005E103C /* Mishief Stroll.mp3 */ = {isa = PBXFileReference; lastKnownFileType = audio.mp3; path = "Mishief Stroll.mp3"; sourceTree = "<group>"; };
		BDDC24611E6E6E48005E103C /* Mission Plausible.mp3 */ = {isa = PBXFileReference; lastKnownFileType = audio.mp3; path = "Mission Plausible.mp3"; sourceTree = "<group>"; };
		BDDC24621E6E6E48005E103C /* Night at the Beach.mp3 */ = {isa = PBXFileReference; lastKnownFileType = audio.mp3; path = "Night at the Beach.mp3"; sourceTree = "<group>"; };
		BDDC24631E6E6E48005E103C /* Polka Train.mp3 */ = {isa = PBXFileReference; lastKnownFileType = audio.mp3; path = "Polka Train.mp3"; sourceTree = "<group>"; };
		BDDC24641E6E6E48005E103C /* Sad Descent.mp3 */ = {isa = PBXFileReference; lastKnownFileType = audio.mp3; path = "Sad Descent.mp3"; sourceTree = "<group>"; };
		BDDC24651E6E6E48005E103C /* Sad Town.mp3 */ = {isa = PBXFileReference; lastKnownFileType = audio.mp3; path = "Sad Town.mp3"; sourceTree = "<group>"; };
		BDDC24661E6E6E48005E103C /* Space Cadet.mp3 */ = {isa = PBXFileReference; lastKnownFileType = audio.mp3; path = "Space Cadet.mp3"; sourceTree = "<group>"; };
		BDDC24671E6E6E48005E103C /* Swinging Pants.mp3 */ = {isa = PBXFileReference; lastKnownFileType = audio.mp3; path = "Swinging Pants.mp3"; sourceTree = "<group>"; };
		BDDC24681E6E6E48005E103C /* Time Driving.mp3 */ = {isa = PBXFileReference; lastKnownFileType = audio.mp3; path = "Time Driving.mp3"; sourceTree = "<group>"; };
		BDDC24691E6E6E48005E103C /* Wacky Waiting.mp3 */ = {isa = PBXFileReference; lastKnownFileType = audio.mp3; path = "Wacky Waiting.mp3"; sourceTree = "<group>"; };
		BDDC247E1E6E7654005E103C /* CrossHair.swift */ = {isa = PBXFileReference; fileEncoding = 4; lastKnownFileType = sourcecode.swift; path = CrossHair.swift; sourceTree = "<group>"; };
		BDDC24801E6E7C30005E103C /* GameOverScene.swift */ = {isa = PBXFileReference; fileEncoding = 4; lastKnownFileType = sourcecode.swift; path = GameOverScene.swift; sourceTree = "<group>"; };
		BDDC24821E6E9119005E103C /* Background.swift */ = {isa = PBXFileReference; fileEncoding = 4; lastKnownFileType = sourcecode.swift; path = Background.swift; sourceTree = "<group>"; };
		BDDC24851E6E95A1005E103C /* laser2.wav */ = {isa = PBXFileReference; lastKnownFileType = audio.wav; path = laser2.wav; sourceTree = "<group>"; };
		BDDC24861E6E95A1005E103C /* laser3.wav */ = {isa = PBXFileReference; lastKnownFileType = audio.wav; path = laser3.wav; sourceTree = "<group>"; };
		BDDC24871E6E95A1005E103C /* laser4.wav */ = {isa = PBXFileReference; lastKnownFileType = audio.wav; path = laser4.wav; sourceTree = "<group>"; };
		BDDC24881E6E95A1005E103C /* laser5.wav */ = {isa = PBXFileReference; lastKnownFileType = audio.wav; path = laser5.wav; sourceTree = "<group>"; };
		BDDC24891E6E95A1005E103C /* laser6.wav */ = {isa = PBXFileReference; lastKnownFileType = audio.wav; path = laser6.wav; sourceTree = "<group>"; };
		BDDC248A1E6E95A1005E103C /* laser7.wav */ = {isa = PBXFileReference; lastKnownFileType = audio.wav; path = laser7.wav; sourceTree = "<group>"; };
		BDDC248B1E6E95A1005E103C /* laser8.wav */ = {isa = PBXFileReference; lastKnownFileType = audio.wav; path = laser8.wav; sourceTree = "<group>"; };
		BDDC248C1E6E95A1005E103C /* laser9.wav */ = {isa = PBXFileReference; lastKnownFileType = audio.wav; path = laser9.wav; sourceTree = "<group>"; };
		BDDC24951E6E9C55005E103C /* rumble2.wav */ = {isa = PBXFileReference; lastKnownFileType = audio.wav; path = rumble2.wav; sourceTree = "<group>"; };
		BDDC24961E6E9C55005E103C /* rumble3.wav */ = {isa = PBXFileReference; lastKnownFileType = audio.wav; path = rumble3.wav; sourceTree = "<group>"; };
		BDDC24991E6E9D0D005E103C /* HelperFunctions.swift */ = {isa = PBXFileReference; fileEncoding = 4; lastKnownFileType = sourcecode.swift; path = HelperFunctions.swift; sourceTree = "<group>"; };
		BDDC249B1E6E9E71005E103C /* FlyingAlien.swift */ = {isa = PBXFileReference; fileEncoding = 4; lastKnownFileType = sourcecode.swift; path = FlyingAlien.swift; sourceTree = "<group>"; };
		BDDC249D1E6EA082005E103C /* HUD.swift */ = {isa = PBXFileReference; fileEncoding = 4; lastKnownFileType = sourcecode.swift; path = HUD.swift; sourceTree = "<group>"; };
		BDDC249F1E6EB9D5005E103C /* Enemy.swift */ = {isa = PBXFileReference; fileEncoding = 4; lastKnownFileType = sourcecode.swift; path = Enemy.swift; sourceTree = "<group>"; };
/* End PBXFileReference section */

/* Begin PBXFrameworksBuildPhase section */
		BDDC24291E6E5966005E103C /* Frameworks */ = {
			isa = PBXFrameworksBuildPhase;
			buildActionMask = 2147483647;
			files = (
			);
			runOnlyForDeploymentPostprocessing = 0;
		};
/* End PBXFrameworksBuildPhase section */

/* Begin PBXGroup section */
		BD2323121E705C9B00E3A2FC /* SKSFiles */ = {
			isa = PBXGroup;
			children = (
				BD2323131E705CB100E3A2FC /* GravityFields.sks */,
				BDAD68811E769BBE00771E25 /* Spikeman.sks */,
				BD11B6DB1E77A30800E8CED3 /* ExplosionEmitter.sks */,
				BD11B6DF1E77C46400E8CED3 /* StarryNight.sks */,
				BD11B6E11E77C50600E8CED3 /* FireFlies.sks */,
				BD11B6E31E77C51900E8CED3 /* Rain.sks */,
				BDB542671E78438000C63C8D /* OuterBarriers.sks */,
				BD37C2851E79022500ACCF38 /* Fire.sks */,
			);
			name = SKSFiles;
			sourceTree = "<group>";
		};
		BD29126E1E6FEBBF00ADE12E /* UIElements */ = {
			isa = PBXGroup;
			children = (
				BD2B80221E71A53500E509AF /* ButtonFactory.swift */,
			);
			name = UIElements;
			sourceTree = "<group>";
		};
		BD2AB54A1E76B1830041B2AE /* SoundAndMusic */ = {
			isa = PBXGroup;
			children = (
				BD2AB5531E76B3190041B2AE /* SoundLoader.swift */,
				BD2AB5461E76B11D0041B2AE /* BackgroundMusic.swift */,
				BD2AB5481E76B16A0041B2AE /* SoundEffects.swift */,
			);
			name = SoundAndMusic;
			sourceTree = "<group>";
		};
		BD2AB54B1E76B1A50041B2AE /* Math */ = {
			isa = PBXGroup;
			children = (
				BDDC24531E6E69C4005E103C /* Math.swift */,
				BD2D36401E7639BA00F0B3A0 /* RandomVectorGaussian.swift */,
				BD73EE471E73A60400CD7AD1 /* RandomVector.swift */,
				BD73EE491E73A66E00CD7AD1 /* RandomPoint.swift */,
				BD2D363E1E7639AE00F0B3A0 /* RandomVectorUniform.swift */,
			);
			name = Math;
			sourceTree = "<group>";
		};
		BD2AB5501E76B2B00041B2AE /* Typography */ = {
			isa = PBXGroup;
			children = (
				BD2AB54E1E76B2A00041B2AE /* Typography.swift */,
			);
			name = Typography;
			sourceTree = "<group>";
		};
		BD2DC2091E75366C0067D1A2 /* Scenes.scnassets */ = {
			isa = PBXGroup;
			children = (
				BD2DC20A1E7536940067D1A2 /* SCNScene1.scn */,
			);
			name = Scenes.scnassets;
			sourceTree = "<group>";
		};
		BD2E96C41E77FBA500C16DA7 /* TestScene8Prototype */ = {
			isa = PBXGroup;
			children = (
				BD2E96C21E77D7D200C16DA7 /* LevelLoader.swift */,
				BDDC244A1E6E615D005E103C /* WingmanLevel.swift */,
				BD37C2891E792ED200ACCF38 /* BatScene.swift */,
				BD2E96C51E77FBEB00C16DA7 /* DeprecatedCode.swift */,
				BD2E96C71E78032700C16DA7 /* SpaceShipLevel.swift */,
				BD2E96C91E781E3100C16DA7 /* FlyingAlienScene.swift */,
				BD37C2871E79290900ACCF38 /* SpaceShipLevelLoader.swift */,
				BD2B98671E795C8F00E8E8D9 /* BatSceneLevelLoader.swift */,
			);
			name = TestScene8Prototype;
			sourceTree = "<group>";
		};
		BD3049E61E6FAF140083B0ED /* NoTimeLimitScenes */ = {
			isa = PBXGroup;
			children = (
				BD3049E81E6FB2D30083B0ED /* NoTimeLimitMode.swift */,
				BD2912621E6FE8C400ADE12E /* NTLScene1.swift */,
				BD2DEE341E6EF8160060750D /* NTLScene2.swift */,
				BD3049E41E6FACBA0083B0ED /* NTLScene4.swift */,
				BD2DEE361E6EF84E0060750D /* NTLScene3.swift */,
				BD2912641E6FE8FA00ADE12E /* NTLScene5.swift */,
			);
			name = NoTimeLimitScenes;
			sourceTree = "<group>";
		};
		BD3049E71E6FAF1D0083B0ED /* TimeLimitScenes */ = {
			isa = PBXGroup;
			children = (
				BDCFE24C1E73DD06005DB85B /* TLScene3Delegate.swift */,
				BD29126A1E6FE96400ADE12E /* TLScene3.swift */,
				BD2912661E6FE92300ADE12E /* TLScene1.swift */,
				BD2912681E6FE94D00ADE12E /* TLScene2.swift */,
				BD7689DB1E7259510066D59E /* TLScene4.swift */,
				BD29126C1E6FE98700ADE12E /* TLScene5.swift */,
			);
			name = TimeLimitScenes;
			sourceTree = "<group>";
		};
		BD3049EA1E6FB55E0083B0ED /* TestScenes */ = {
			isa = PBXGroup;
			children = (
				BD2E96C41E77FBA500C16DA7 /* TestScene8Prototype */,
				BDDC24351E6E5966005E103C /* TestScene.swift */,
				BD2BF7241E74FF7B0022C378 /* TestScene2.swift */,
				BD2DC2071E75331E0067D1A2 /* TestScene3.swift */,
				BD2DC22C1E755D710067D1A2 /* TestScene4.swift */,
				BD312B391E75906C00DCB39C /* TestScene5.swift */,
				BD312B3B1E759C5800DCB39C /* TestScene6.swift */,
				BD2D36421E764F5200F0B3A0 /* TestScene7.swift */,
			);
			name = TestScenes;
			sourceTree = "<group>";
		};
		BD3049ED1E6FB5D80083B0ED /* TransitionalScenes */ = {
			isa = PBXGroup;
			children = (
				BDDC24801E6E7C30005E103C /* GameOverScene.swift */,
				BD3049EE1E6FB5EE0083B0ED /* MenuScene.swift */,
			);
			name = TransitionalScenes;
			sourceTree = "<group>";
		};
		BD312B0F1E755EC400DCB39C /* Plists */ = {
			isa = PBXGroup;
			children = (
				BD312B101E755EF900DCB39C /* SceneTransitionText.plist */,
				BD312B121E756A3B00DCB39C /* PlistUnarchiver.swift */,
			);
			name = Plists;
			sourceTree = "<group>";
		};
		BD9BB5461E7500C800726476 /* BaseScenes */ = {
			isa = PBXGroup;
			children = (
				BD9BB5441E75007800726476 /* TimeLimitScene.swift */,
				BD3049EB1E6FB5AD0083B0ED /* TimeLimitScene+GameStateExtension.swift */,
			);
			name = BaseScenes;
			sourceTree = "<group>";
		};
		BDAD68761E768E2400771E25 /* WingmanTrack */ = {
			isa = PBXGroup;
			children = (
				BDAD68771E768E3B00771E25 /* WingmanScene1.swift */,
			);
			name = WingmanTrack;
			sourceTree = "<group>";
		};
		BDAD687B1E768F9800771E25 /* SpikemanTrack */ = {
			isa = PBXGroup;
			children = (
			);
			name = SpikemanTrack;
			sourceTree = "<group>";
		};
		BDAD687E1E768FE400771E25 /* SpikemanTrack */ = {
			isa = PBXGroup;
			children = (
				BDAD687F1E768FF600771E25 /* SpikemanScene1.swift */,
			);
			name = SpikemanTrack;
			sourceTree = "<group>";
		};
		BDCFE2531E741003005DB85B /* States */ = {
			isa = PBXGroup;
			children = (
				BDCFE2541E741012005DB85B /* RunningState.swift */,
			);
			name = States;
			sourceTree = "<group>";
		};
		BDCFE2561E741279005DB85B /* Entities */ = {
			isa = PBXGroup;
			children = (
			);
			name = Entities;
			sourceTree = "<group>";
		};
		BDD8AA391E715A880054AB61 /* Extensions */ = {
			isa = PBXGroup;
			children = (
				BDD8AA3A1E715AA40054AB61 /* SKSceneExtension.swift */,
			);
			name = Extensions;
			sourceTree = "<group>";
		};
		BDDC24231E6E5966005E103C = {
			isa = PBXGroup;
			children = (
				BDDC242E1E6E5966005E103C /* AlienBusters */,
				BDDC242D1E6E5966005E103C /* Products */,
			);
			sourceTree = "<group>";
		};
		BDDC242D1E6E5966005E103C /* Products */ = {
			isa = PBXGroup;
			children = (
				BDDC242C1E6E5966005E103C /* AlienBusters.app */,
			);
			name = Products;
			sourceTree = "<group>";
		};
		BDDC242E1E6E5966005E103C /* AlienBusters */ = {
			isa = PBXGroup;
			children = (
				BD312B0F1E755EC400DCB39C /* Plists */,
				BD2DC2091E75366C0067D1A2 /* Scenes.scnassets */,
				BDCFE2561E741279005DB85B /* Entities */,
				BDCFE2531E741003005DB85B /* States */,
				BDD8AA391E715A880054AB61 /* Extensions */,
				BD2323121E705C9B00E3A2FC /* SKSFiles */,
				BD29126E1E6FEBBF00ADE12E /* UIElements */,
				BDDC24841E6E9572005E103C /* SoundEffects */,
				BDDC247D1E6E763D005E103C /* Characters */,
				BDDC24501E6E6993005E103C /* Utility */,
				BDDC244F1E6E6855005E103C /* BackgroundMusic */,
				BDDC244E1E6E61E8005E103C /* Storyboards */,
				BDDC244D1E6E61D4005E103C /* Controllers */,
				BDDC244C1E6E6163005E103C /* Scenes */,
				BDDC24471E6E5BF6005E103C /* Singletons */,
				BDDC243C1E6E5966005E103C /* Assets.xcassets */,
				BDDC24411E6E5966005E103C /* Info.plist */,
			);
			path = AlienBusters;
			sourceTree = "<group>";
		};
		BDDC24471E6E5BF6005E103C /* Singletons */ = {
			isa = PBXGroup;
			children = (
				BDDC24481E6E5C0B005E103C /* TextureAtlasManager.swift */,
				BDDC24551E6E69F5005E103C /* UserOptionsManager.swift */,
				BD2DEE321E6EE9100060750D /* AnimationsManager.swift */,
				BDDB9E851E6FD7C3004D1D2B /* SmokeEmitterManager.swift */,
				BD2912711E6FF4E300ADE12E /* GameFonts.swift */,
				BDD8AA3C1E7162190054AB61 /* ButtonManager.swift */,
			);
			name = Singletons;
			sourceTree = "<group>";
		};
		BDDC244C1E6E6163005E103C /* Scenes */ = {
			isa = PBXGroup;
			children = (
				BDAD687E1E768FE400771E25 /* SpikemanTrack */,
				BDAD687B1E768F9800771E25 /* SpikemanTrack */,
				BDAD68761E768E2400771E25 /* WingmanTrack */,
				BD9BB5461E7500C800726476 /* BaseScenes */,
				BD3049ED1E6FB5D80083B0ED /* TransitionalScenes */,
				BD3049EA1E6FB55E0083B0ED /* TestScenes */,
				BD3049E71E6FAF1D0083B0ED /* TimeLimitScenes */,
				BD3049E61E6FAF140083B0ED /* NoTimeLimitScenes */,
			);
			name = Scenes;
			sourceTree = "<group>";
		};
		BDDC244D1E6E61D4005E103C /* Controllers */ = {
			isa = PBXGroup;
			children = (
				BDDC24371E6E5966005E103C /* GameViewController.swift */,
			);
			name = Controllers;
			sourceTree = "<group>";
		};
		BDDC244E1E6E61E8005E103C /* Storyboards */ = {
			isa = PBXGroup;
			children = (
				BDDC243E1E6E5966005E103C /* LaunchScreen.storyboard */,
				BDDC24391E6E5966005E103C /* Main.storyboard */,
			);
			name = Storyboards;
			sourceTree = "<group>";
		};
		BDDC244F1E6E6855005E103C /* BackgroundMusic */ = {
			isa = PBXGroup;
			children = (
				BDDC24571E6E6E48005E103C /* Alpha Dance.mp3 */,
				BDDC24581E6E6E48005E103C /* Cheerful Annoyance.mp3 */,
				BDDC24591E6E6E48005E103C /* Drumming Sticks.mp3 */,
				BDDC245A1E6E6E48005E103C /* Farm Frolics.mp3 */,
				BDDC245B1E6E6E48005E103C /* Flowing Rocks.mp3 */,
				BDDC245C1E6E6E48005E103C /* Game Over.mp3 */,
				BDDC245D1E6E6E48005E103C /* German Virtue.mp3 */,
				BDDC245E1E6E6E48005E103C /* Infinite Descent.mp3 */,
				BDDC245F1E6E6E48005E103C /* Italian Mom.mp3 */,
				BDDC24601E6E6E48005E103C /* Mishief Stroll.mp3 */,
				BDDC24611E6E6E48005E103C /* Mission Plausible.mp3 */,
				BDDC24621E6E6E48005E103C /* Night at the Beach.mp3 */,
				BDDC24631E6E6E48005E103C /* Polka Train.mp3 */,
				BDDC24641E6E6E48005E103C /* Sad Descent.mp3 */,
				BDDC24651E6E6E48005E103C /* Sad Town.mp3 */,
				BDDC24661E6E6E48005E103C /* Space Cadet.mp3 */,
				BDDC24671E6E6E48005E103C /* Swinging Pants.mp3 */,
				BDDC24681E6E6E48005E103C /* Time Driving.mp3 */,
				BDDC24691E6E6E48005E103C /* Wacky Waiting.mp3 */,
			);
			name = BackgroundMusic;
			sourceTree = "<group>";
		};
		BDDC24501E6E6993005E103C /* Utility */ = {
			isa = PBXGroup;
			children = (
				BD2AB5501E76B2B00041B2AE /* Typography */,
				BD2AB54B1E76B1A50041B2AE /* Math */,
				BD2AB54A1E76B1830041B2AE /* SoundAndMusic */,
				BDDC242F1E6E5966005E103C /* AppDelegate.swift */,
				BDDC24511E6E69A1005E103C /* Constants.swift */,
				BDDC24991E6E9D0D005E103C /* HelperFunctions.swift */,
				BDD8AA351E7127C70054AB61 /* SceneInterfaceManager.swift */,
				BD2E4DCB1E72D38500D025C7 /* UserInterfaceManager.swift */,
				BDD8AA371E7129CA0054AB61 /* SceneInterfaceManagerDelegate.swift */,
				BD2AB54C1E76B2640041B2AE /* ScreenSize.swift */,
				BD2AB5511E76B2DE0041B2AE /* PhysicsCategories.swift */,
			);
			name = Utility;
			sourceTree = "<group>";
		};
		BDDC247D1E6E763D005E103C /* Characters */ = {
			isa = PBXGroup;
			children = (
				BDDC249F1E6EB9D5005E103C /* Enemy.swift */,
				BDAD687C1E768FA900771E25 /* Spikeman.swift */,
				BDDC247E1E6E7654005E103C /* CrossHair.swift */,
				BDDC24821E6E9119005E103C /* Background.swift */,
				BDDC249B1E6E9E71005E103C /* FlyingAlien.swift */,
				BD2DEE381E6EFD680060750D /* FallingAliens.swift */,
				BDDC249D1E6EA082005E103C /* HUD.swift */,
				BD11B6DD1E77BBB900E8CED3 /* HUD2.swift */,
				BD2AB5551E76DB2F0041B2AE /* BackgroundObject.swift */,
				BD2DEE3A1E6F05AA0060750D /* FallingAliensController.swift */,
				BDDB9E831E6FCAFF004D1D2B /* SpaceShip.swift */,
				BD2912751E70227600ADE12E /* Bat.swift */,
				BD2912771E704B9300ADE12E /* BatController.swift */,
				BD2323101E705A2500E3A2FC /* QueenAlien.swift */,
				BD312B141E75733C00DCB39C /* ShapeShifter.swift */,
				BDAD68791E768F3000771E25 /* Wingman.swift */,
				BDAD68831E769F2900771E25 /* Animal.swift */,
			);
			name = Characters;
			sourceTree = "<group>";
		};
		BDDC24841E6E9572005E103C /* SoundEffects */ = {
			isa = PBXGroup;
			children = (
				BDDC24951E6E9C55005E103C /* rumble2.wav */,
				BDDC24961E6E9C55005E103C /* rumble3.wav */,
				BDDC24851E6E95A1005E103C /* laser2.wav */,
				BDDC24861E6E95A1005E103C /* laser3.wav */,
				BDDC24871E6E95A1005E103C /* laser4.wav */,
				BDDC24881E6E95A1005E103C /* laser5.wav */,
				BDDC24891E6E95A1005E103C /* laser6.wav */,
				BDDC248A1E6E95A1005E103C /* laser7.wav */,
				BDDC248B1E6E95A1005E103C /* laser8.wav */,
				BDDC248C1E6E95A1005E103C /* laser9.wav */,
			);
			name = SoundEffects;
			sourceTree = "<group>";
		};
/* End PBXGroup section */

/* Begin PBXNativeTarget section */
		BDDC242B1E6E5966005E103C /* AlienBusters */ = {
			isa = PBXNativeTarget;
			buildConfigurationList = BDDC24441E6E5966005E103C /* Build configuration list for PBXNativeTarget "AlienBusters" */;
			buildPhases = (
				BDDC24281E6E5966005E103C /* Sources */,
				BDDC24291E6E5966005E103C /* Frameworks */,
				BDDC242A1E6E5966005E103C /* Resources */,
			);
			buildRules = (
			);
			dependencies = (
			);
			name = AlienBusters;
			productName = AlienBusters;
			productReference = BDDC242C1E6E5966005E103C /* AlienBusters.app */;
			productType = "com.apple.product-type.application";
		};
/* End PBXNativeTarget section */

/* Begin PBXProject section */
		BDDC24241E6E5966005E103C /* Project object */ = {
			isa = PBXProject;
			attributes = {
				LastSwiftUpdateCheck = 0820;
				LastUpgradeCheck = 0820;
				ORGANIZATIONNAME = AlexMakedonski;
				TargetAttributes = {
					BDDC242B1E6E5966005E103C = {
						CreatedOnToolsVersion = 8.2.1;
						ProvisioningStyle = Automatic;
					};
				};
			};
			buildConfigurationList = BDDC24271E6E5966005E103C /* Build configuration list for PBXProject "AlienBusters" */;
			compatibilityVersion = "Xcode 3.2";
			developmentRegion = English;
			hasScannedForEncodings = 0;
			knownRegions = (
				en,
				Base,
			);
			mainGroup = BDDC24231E6E5966005E103C;
			productRefGroup = BDDC242D1E6E5966005E103C /* Products */;
			projectDirPath = "";
			projectRoot = "";
			targets = (
				BDDC242B1E6E5966005E103C /* AlienBusters */,
			);
		};
/* End PBXProject section */

/* Begin PBXResourcesBuildPhase section */
		BDDC242A1E6E5966005E103C /* Resources */ = {
			isa = PBXResourcesBuildPhase;
			buildActionMask = 2147483647;
			files = (
				BDDC24701E6E6E48005E103C /* German Virtue.mp3 in Resources */,
				BDDC246B1E6E6E48005E103C /* Cheerful Annoyance.mp3 in Resources */,
				BDDC24901E6E95A1005E103C /* laser5.wav in Resources */,
				BDDC247B1E6E6E48005E103C /* Time Driving.mp3 in Resources */,
				BDDC24971E6E9C55005E103C /* rumble2.wav in Resources */,
				BDDC24931E6E95A1005E103C /* laser8.wav in Resources */,
				BDDC24781E6E6E48005E103C /* Sad Town.mp3 in Resources */,
				BDDC24721E6E6E48005E103C /* Italian Mom.mp3 in Resources */,
				BDDC243B1E6E5966005E103C /* Main.storyboard in Resources */,
				BD11B6E01E77C46400E8CED3 /* StarryNight.sks in Resources */,
				BDDC246A1E6E6E48005E103C /* Alpha Dance.mp3 in Resources */,
				BD2323141E705CB100E3A2FC /* GravityFields.sks in Resources */,
				BDDC24761E6E6E48005E103C /* Polka Train.mp3 in Resources */,
				BDDC24911E6E95A1005E103C /* laser6.wav in Resources */,
				BDDC247C1E6E6E48005E103C /* Wacky Waiting.mp3 in Resources */,
				BDDC24741E6E6E48005E103C /* Mission Plausible.mp3 in Resources */,
				BDDC248F1E6E95A1005E103C /* laser4.wav in Resources */,
				BDDC24731E6E6E48005E103C /* Mishief Stroll.mp3 in Resources */,
				BDDC24711E6E6E48005E103C /* Infinite Descent.mp3 in Resources */,
				BD11B6DC1E77A30800E8CED3 /* ExplosionEmitter.sks in Resources */,
				BD312B111E755EF900DCB39C /* SceneTransitionText.plist in Resources */,
				BD37C2861E79022500ACCF38 /* Fire.sks in Resources */,
				BDDC24771E6E6E48005E103C /* Sad Descent.mp3 in Resources */,
				BDDC24791E6E6E48005E103C /* Space Cadet.mp3 in Resources */,
				BDDC246F1E6E6E48005E103C /* Game Over.mp3 in Resources */,
				BDDC24981E6E9C55005E103C /* rumble3.wav in Resources */,
				BDAD68821E769BBE00771E25 /* Spikeman.sks in Resources */,
				BDDC248E1E6E95A1005E103C /* laser3.wav in Resources */,
				BD11B6E21E77C50600E8CED3 /* FireFlies.sks in Resources */,
				BDDC243D1E6E5966005E103C /* Assets.xcassets in Resources */,
				BDDC24941E6E95A1005E103C /* laser9.wav in Resources */,
				BDB542681E78438000C63C8D /* OuterBarriers.sks in Resources */,
				BDDC246C1E6E6E48005E103C /* Drumming Sticks.mp3 in Resources */,
				BDDC24401E6E5966005E103C /* LaunchScreen.storyboard in Resources */,
				BDDC246D1E6E6E48005E103C /* Farm Frolics.mp3 in Resources */,
				BD11B6E41E77C51900E8CED3 /* Rain.sks in Resources */,
				BDDC24751E6E6E48005E103C /* Night at the Beach.mp3 in Resources */,
				BDDC248D1E6E95A1005E103C /* laser2.wav in Resources */,
				BDDC24921E6E95A1005E103C /* laser7.wav in Resources */,
				BDDC247A1E6E6E48005E103C /* Swinging Pants.mp3 in Resources */,
				BD2DC20B1E7536940067D1A2 /* SCNScene1.scn in Resources */,
				BDDC246E1E6E6E48005E103C /* Flowing Rocks.mp3 in Resources */,
			);
			runOnlyForDeploymentPostprocessing = 0;
		};
/* End PBXResourcesBuildPhase section */

/* Begin PBXSourcesBuildPhase section */
		BDDC24281E6E5966005E103C /* Sources */ = {
			isa = PBXSourcesBuildPhase;
			buildActionMask = 2147483647;
			files = (
				BD2DEE331E6EE9100060750D /* AnimationsManager.swift in Sources */,
				BDD8AA361E7127C70054AB61 /* SceneInterfaceManager.swift in Sources */,
				BD312B3A1E75906C00DCB39C /* TestScene5.swift in Sources */,
				BD37C28A1E792ED200ACCF38 /* BatScene.swift in Sources */,
				BD2AB54F1E76B2A00041B2AE /* Typography.swift in Sources */,
				BD2DEE351E6EF8160060750D /* NTLScene2.swift in Sources */,
				BD2912631E6FE8C400ADE12E /* NTLScene1.swift in Sources */,
				BD312B3C1E759C5800DCB39C /* TestScene6.swift in Sources */,
				BD2AB54D1E76B2640041B2AE /* ScreenSize.swift in Sources */,
				BDD8AA3B1E715AA40054AB61 /* SKSceneExtension.swift in Sources */,
				BDDC24831E6E9119005E103C /* Background.swift in Sources */,
				BD2D363F1E7639AE00F0B3A0 /* RandomVectorUniform.swift in Sources */,
				BD3049E51E6FACBA0083B0ED /* NTLScene4.swift in Sources */,
				BD2E96C61E77FBEB00C16DA7 /* DeprecatedCode.swift in Sources */,
				BD312B131E756A3B00DCB39C /* PlistUnarchiver.swift in Sources */,
				BD2323111E705A2500E3A2FC /* QueenAlien.swift in Sources */,
				BD2E96CA1E781E3100C16DA7 /* FlyingAlienScene.swift in Sources */,
				BDDC244B1E6E615D005E103C /* WingmanLevel.swift in Sources */,
				BD2912761E70227600ADE12E /* Bat.swift in Sources */,
				BD2AB5541E76B3190041B2AE /* SoundLoader.swift in Sources */,
				BDD8AA3D1E7162190054AB61 /* ButtonManager.swift in Sources */,
				BDDC24561E6E69F5005E103C /* UserOptionsManager.swift in Sources */,
				BD2E96C31E77D7D200C16DA7 /* LevelLoader.swift in Sources */,
				BD2912721E6FF4E300ADE12E /* GameFonts.swift in Sources */,
				BD73EE481E73A60400CD7AD1 /* RandomVector.swift in Sources */,
				BDCFE2551E741012005DB85B /* RunningState.swift in Sources */,
				BD2DEE391E6EFD680060750D /* FallingAliens.swift in Sources */,
				BDDC24361E6E5966005E103C /* TestScene.swift in Sources */,
				BD2912671E6FE92300ADE12E /* TLScene1.swift in Sources */,
				BDDC24811E6E7C30005E103C /* GameOverScene.swift in Sources */,
				BD2AB5491E76B16A0041B2AE /* SoundEffects.swift in Sources */,
				BDDC249A1E6E9D0D005E103C /* HelperFunctions.swift in Sources */,
				BD29126D1E6FE98700ADE12E /* TLScene5.swift in Sources */,
				BD2D36411E7639BA00F0B3A0 /* RandomVectorGaussian.swift in Sources */,
				BDD8AA381E7129CA0054AB61 /* SceneInterfaceManagerDelegate.swift in Sources */,
				BDDC247F1E6E7654005E103C /* CrossHair.swift in Sources */,
				BDDC24491E6E5C0B005E103C /* TextureAtlasManager.swift in Sources */,
				BD2E4DCC1E72D38500D025C7 /* UserInterfaceManager.swift in Sources */,
				BDDC24541E6E69C4005E103C /* Math.swift in Sources */,
				BD2912691E6FE94D00ADE12E /* TLScene2.swift in Sources */,
				BDDC24381E6E5966005E103C /* GameViewController.swift in Sources */,
				BDDC24301E6E5966005E103C /* AppDelegate.swift in Sources */,
				BDAD68781E768E3B00771E25 /* WingmanScene1.swift in Sources */,
				BD2D36431E764F5200F0B3A0 /* TestScene7.swift in Sources */,
				BD2AB5521E76B2DE0041B2AE /* PhysicsCategories.swift in Sources */,
				BD2DEE371E6EF84E0060750D /* NTLScene3.swift in Sources */,
				BD73EE4A1E73A66E00CD7AD1 /* RandomPoint.swift in Sources */,
				BDDC24A01E6EB9D5005E103C /* Enemy.swift in Sources */,
				BD29126B1E6FE96400ADE12E /* TLScene3.swift in Sources */,
				BD2E96C81E78032700C16DA7 /* SpaceShipLevel.swift in Sources */,
				BDDB9E841E6FCAFF004D1D2B /* SpaceShip.swift in Sources */,
				BD2912651E6FE8FA00ADE12E /* NTLScene5.swift in Sources */,
				BD3049EC1E6FB5AD0083B0ED /* TimeLimitScene+GameStateExtension.swift in Sources */,
				BD2DEE3B1E6F05AA0060750D /* FallingAliensController.swift in Sources */,
				BD312B151E75733C00DCB39C /* ShapeShifter.swift in Sources */,
				BD7689DC1E7259510066D59E /* TLScene4.swift in Sources */,
				BD3049E91E6FB2D30083B0ED /* NoTimeLimitMode.swift in Sources */,
				BD37C2881E79290900ACCF38 /* SpaceShipLevelLoader.swift in Sources */,
				BD2B98681E795C8F00E8E8D9 /* BatSceneLevelLoader.swift in Sources */,
				BDDC249E1E6EA082005E103C /* HUD.swift in Sources */,
				BD2DC2081E75331E0067D1A2 /* TestScene3.swift in Sources */,
				BD2AB5471E76B11D0041B2AE /* BackgroundMusic.swift in Sources */,
				BDAD687D1E768FA900771E25 /* Spikeman.swift in Sources */,
				BD2B80231E71A53500E509AF /* ButtonFactory.swift in Sources */,
				BD3049EF1E6FB5EE0083B0ED /* MenuScene.swift in Sources */,
				BD2AB5561E76DB2F0041B2AE /* BackgroundObject.swift in Sources */,
				BDDC249C1E6E9E71005E103C /* FlyingAlien.swift in Sources */,
				BDAD68841E769F2900771E25 /* Animal.swift in Sources */,
				BDDB9E861E6FD7C3004D1D2B /* SmokeEmitterManager.swift in Sources */,
				BDCFE24D1E73DD06005DB85B /* TLScene3Delegate.swift in Sources */,
				BD2BF7251E74FF7B0022C378 /* TestScene2.swift in Sources */,
				BD2912781E704B9300ADE12E /* BatController.swift in Sources */,
				BD9BB5451E75007800726476 /* TimeLimitScene.swift in Sources */,
				BDAD687A1E768F3000771E25 /* Wingman.swift in Sources */,
				BDDC24521E6E69A1005E103C /* Constants.swift in Sources */,
				BDAD68801E768FF600771E25 /* SpikemanScene1.swift in Sources */,
				BD2DC22D1E755D710067D1A2 /* TestScene4.swift in Sources */,
				BD11B6DE1E77BBB900E8CED3 /* HUD2.swift in Sources */,
			);
			runOnlyForDeploymentPostprocessing = 0;
		};
/* End PBXSourcesBuildPhase section */

/* Begin PBXVariantGroup section */
		BDDC24391E6E5966005E103C /* Main.storyboard */ = {
			isa = PBXVariantGroup;
			children = (
				BDDC243A1E6E5966005E103C /* Base */,
			);
			name = Main.storyboard;
			sourceTree = "<group>";
		};
		BDDC243E1E6E5966005E103C /* LaunchScreen.storyboard */ = {
			isa = PBXVariantGroup;
			children = (
				BDDC243F1E6E5966005E103C /* Base */,
			);
			name = LaunchScreen.storyboard;
			sourceTree = "<group>";
		};
/* End PBXVariantGroup section */

/* Begin XCBuildConfiguration section */
		BDDC24421E6E5966005E103C /* Debug */ = {
			isa = XCBuildConfiguration;
			buildSettings = {
				ALWAYS_SEARCH_USER_PATHS = NO;
				CLANG_ANALYZER_NONNULL = YES;
				CLANG_CXX_LANGUAGE_STANDARD = "gnu++0x";
				CLANG_CXX_LIBRARY = "libc++";
				CLANG_ENABLE_MODULES = YES;
				CLANG_ENABLE_OBJC_ARC = YES;
				CLANG_WARN_BOOL_CONVERSION = YES;
				CLANG_WARN_CONSTANT_CONVERSION = YES;
				CLANG_WARN_DIRECT_OBJC_ISA_USAGE = YES_ERROR;
				CLANG_WARN_DOCUMENTATION_COMMENTS = YES;
				CLANG_WARN_EMPTY_BODY = YES;
				CLANG_WARN_ENUM_CONVERSION = YES;
				CLANG_WARN_INFINITE_RECURSION = YES;
				CLANG_WARN_INT_CONVERSION = YES;
				CLANG_WARN_OBJC_ROOT_CLASS = YES_ERROR;
				CLANG_WARN_SUSPICIOUS_MOVE = YES;
				CLANG_WARN_UNREACHABLE_CODE = YES;
				CLANG_WARN__DUPLICATE_METHOD_MATCH = YES;
				"CODE_SIGN_IDENTITY[sdk=iphoneos*]" = "iPhone Developer";
				COPY_PHASE_STRIP = NO;
				DEBUG_INFORMATION_FORMAT = dwarf;
				ENABLE_STRICT_OBJC_MSGSEND = YES;
				ENABLE_TESTABILITY = YES;
				GCC_C_LANGUAGE_STANDARD = gnu99;
				GCC_DYNAMIC_NO_PIC = NO;
				GCC_NO_COMMON_BLOCKS = YES;
				GCC_OPTIMIZATION_LEVEL = 0;
				GCC_PREPROCESSOR_DEFINITIONS = (
					"DEBUG=1",
					"$(inherited)",
				);
				GCC_WARN_64_TO_32_BIT_CONVERSION = YES;
				GCC_WARN_ABOUT_RETURN_TYPE = YES_ERROR;
				GCC_WARN_UNDECLARED_SELECTOR = YES;
				GCC_WARN_UNINITIALIZED_AUTOS = YES_AGGRESSIVE;
				GCC_WARN_UNUSED_FUNCTION = YES;
				GCC_WARN_UNUSED_VARIABLE = YES;
				IPHONEOS_DEPLOYMENT_TARGET = 10.2;
				MTL_ENABLE_DEBUG_INFO = YES;
				ONLY_ACTIVE_ARCH = YES;
				SDKROOT = iphoneos;
				SWIFT_ACTIVE_COMPILATION_CONDITIONS = DEBUG;
				SWIFT_OPTIMIZATION_LEVEL = "-Onone";
			};
			name = Debug;
		};
		BDDC24431E6E5966005E103C /* Release */ = {
			isa = XCBuildConfiguration;
			buildSettings = {
				ALWAYS_SEARCH_USER_PATHS = NO;
				CLANG_ANALYZER_NONNULL = YES;
				CLANG_CXX_LANGUAGE_STANDARD = "gnu++0x";
				CLANG_CXX_LIBRARY = "libc++";
				CLANG_ENABLE_MODULES = YES;
				CLANG_ENABLE_OBJC_ARC = YES;
				CLANG_WARN_BOOL_CONVERSION = YES;
				CLANG_WARN_CONSTANT_CONVERSION = YES;
				CLANG_WARN_DIRECT_OBJC_ISA_USAGE = YES_ERROR;
				CLANG_WARN_DOCUMENTATION_COMMENTS = YES;
				CLANG_WARN_EMPTY_BODY = YES;
				CLANG_WARN_ENUM_CONVERSION = YES;
				CLANG_WARN_INFINITE_RECURSION = YES;
				CLANG_WARN_INT_CONVERSION = YES;
				CLANG_WARN_OBJC_ROOT_CLASS = YES_ERROR;
				CLANG_WARN_SUSPICIOUS_MOVE = YES;
				CLANG_WARN_UNREACHABLE_CODE = YES;
				CLANG_WARN__DUPLICATE_METHOD_MATCH = YES;
				"CODE_SIGN_IDENTITY[sdk=iphoneos*]" = "iPhone Developer";
				COPY_PHASE_STRIP = NO;
				DEBUG_INFORMATION_FORMAT = "dwarf-with-dsym";
				ENABLE_NS_ASSERTIONS = NO;
				ENABLE_STRICT_OBJC_MSGSEND = YES;
				GCC_C_LANGUAGE_STANDARD = gnu99;
				GCC_NO_COMMON_BLOCKS = YES;
				GCC_WARN_64_TO_32_BIT_CONVERSION = YES;
				GCC_WARN_ABOUT_RETURN_TYPE = YES_ERROR;
				GCC_WARN_UNDECLARED_SELECTOR = YES;
				GCC_WARN_UNINITIALIZED_AUTOS = YES_AGGRESSIVE;
				GCC_WARN_UNUSED_FUNCTION = YES;
				GCC_WARN_UNUSED_VARIABLE = YES;
				IPHONEOS_DEPLOYMENT_TARGET = 10.2;
				MTL_ENABLE_DEBUG_INFO = NO;
				SDKROOT = iphoneos;
				SWIFT_OPTIMIZATION_LEVEL = "-Owholemodule";
				VALIDATE_PRODUCT = YES;
			};
			name = Release;
		};
		BDDC24451E6E5966005E103C /* Debug */ = {
			isa = XCBuildConfiguration;
			buildSettings = {
				ASSETCATALOG_COMPILER_APPICON_NAME = AppIcon;
				INFOPLIST_FILE = AlienBusters/Info.plist;
				LD_RUNPATH_SEARCH_PATHS = "$(inherited) @executable_path/Frameworks";
				PRODUCT_BUNDLE_IDENTIFIER = com.AlexMakedonski.AlienBusters;
				PRODUCT_NAME = "$(TARGET_NAME)";
				SWIFT_VERSION = 3.0;
			};
			name = Debug;
		};
		BDDC24461E6E5966005E103C /* Release */ = {
			isa = XCBuildConfiguration;
			buildSettings = {
				ASSETCATALOG_COMPILER_APPICON_NAME = AppIcon;
				INFOPLIST_FILE = AlienBusters/Info.plist;
				LD_RUNPATH_SEARCH_PATHS = "$(inherited) @executable_path/Frameworks";
				PRODUCT_BUNDLE_IDENTIFIER = com.AlexMakedonski.AlienBusters;
				PRODUCT_NAME = "$(TARGET_NAME)";
				SWIFT_VERSION = 3.0;
			};
			name = Release;
		};
/* End XCBuildConfiguration section */

/* Begin XCConfigurationList section */
		BDDC24271E6E5966005E103C /* Build configuration list for PBXProject "AlienBusters" */ = {
			isa = XCConfigurationList;
			buildConfigurations = (
				BDDC24421E6E5966005E103C /* Debug */,
				BDDC24431E6E5966005E103C /* Release */,
			);
			defaultConfigurationIsVisible = 0;
			defaultConfigurationName = Release;
		};
		BDDC24441E6E5966005E103C /* Build configuration list for PBXNativeTarget "AlienBusters" */ = {
			isa = XCConfigurationList;
			buildConfigurations = (
				BDDC24451E6E5966005E103C /* Debug */,
				BDDC24461E6E5966005E103C /* Release */,
			);
			defaultConfigurationIsVisible = 0;
			defaultConfigurationName = Release;
		};
/* End XCConfigurationList section */
	};
	rootObject = BDDC24241E6E5966005E103C /* Project object */;
}
